
Microsoft Visual Studio Solution File, Format Version 12.00
# Visual Studio Version 17
VisualStudioVersion = 17.14.36511.14
MinimumVisualStudioVersion = 10.0.40219.1
Project("{FAE04EC0-301F-11D3-BF4B-00C04F79EFBC}") = "Civil Construction Management", "Civil Construction Management.csproj", "{8A479F87-239E-4917-9079-FCDFD50A469C}"
EndProject
Project("{FAE04EC0-301F-11D3-BF4B-00C04F79EFBC}") = "DLL - Project Support", "..\..\DLL - Project Support\DLL - Project Support\DLL - Project Support.csproj", "{779A5DC1-9CC9-BB88-C3C1-A3E45EE1BC8C}"
EndProject
Project("{FAE04EC0-301F-11D3-BF4B-00C04F79EFBC}") = "Civil_Construction_Tests", "..\Civil_Construction_Tests\Civil_Construction_Tests.csproj", "{29C24D41-419E-44EC-8B44-B07D3FD65CDF}"
EndProject
Global
	GlobalSection(SolutionConfigurationPlatforms) = preSolution
		Debug|Any CPU = Debug|Any CPU
		Release|Any CPU = Release|Any CPU
	EndGlobalSection
	GlobalSection(ProjectConfigurationPlatforms) = postSolution
		{8A479F87-239E-4917-9079-FCDFD50A469C}.Debug|Any CPU.ActiveCfg = Debug|Any CPU
		{8A479F87-239E-4917-9079-FCDFD50A469C}.Debug|Any CPU.Build.0 = Debug|Any CPU
		{8A479F87-239E-4917-9079-FCDFD50A469C}.Release|Any CPU.ActiveCfg = Release|Any CPU
		{8A479F87-239E-4917-9079-FCDFD50A469C}.Release|Any CPU.Build.0 = Release|Any CPU
		{779A5DC1-9CC9-BB88-C3C1-A3E45EE1BC8C}.Debug|Any CPU.ActiveCfg = Debug|Any CPU
		{779A5DC1-9CC9-BB88-C3C1-A3E45EE1BC8C}.Debug|Any CPU.Build.0 = Debug|Any CPU
		{779A5DC1-9CC9-BB88-C3C1-A3E45EE1BC8C}.Release|Any CPU.ActiveCfg = Release|Any CPU
		{779A5DC1-9CC9-BB88-C3C1-A3E45EE1BC8C}.Release|Any CPU.Build.0 = Release|Any CPU
		{29C24D41-419E-44EC-8B44-B07D3FD65CDF}.Debug|Any CPU.ActiveCfg = Debug|Any CPU
		{29C24D41-419E-44EC-8B44-B07D3FD65CDF}.Debug|Any CPU.Build.0 = Debug|Any CPU
		{29C24D41-419E-44EC-8B44-B07D3FD65CDF}.Release|Any CPU.ActiveCfg = Release|Any CPU
		{29C24D41-419E-44EC-8B44-B07D3FD65CDF}.Release|Any CPU.Build.0 = Release|Any CPU
	EndGlobalSection
	GlobalSection(SolutionProperties) = preSolution
		HideSolutionNode = FALSE
	EndGlobalSection
	GlobalSection(ExtensibilityGlobals) = postSolution
		SolutionGuid = {3EC98531-52D8-46D2-81DC-0A7BC53F0A44}
	EndGlobalSection
EndGlobal
